
Microsoft Visual Studio Solution File, Format Version 12.00
# Visual Studio Version 17
VisualStudioVersion = 17.9.34622.214
MinimumVisualStudioVersion = 10.0.40219.1
Project("{FAE04EC0-301F-11D3-BF4B-00C04F79EFBC}") = "FirstTest", "FirstTest.csproj", "{5DF0F4F8-4A13-4886-91B5-D154D2357EFD}"
EndProject
Global
	GlobalSection(SolutionConfigurationPlatforms) = preSolution
		Debug|Any CPU = Debug|Any CPU
		Release|Any CPU = Release|Any CPU
	EndGlobalSection
	GlobalSection(ProjectConfigurationPlatforms) = postSolution
		{5DF0F4F8-4A13-4886-91B5-D154D2357EFD}.Debug|Any CPU.ActiveCfg = Debug|Any CPU
		{5DF0F4F8-4A13-4886-91B5-D154D2357EFD}.Debug|Any CPU.Build.0 = Debug|Any CPU
		{5DF0F4F8-4A13-4886-91B5-D154D2357EFD}.Release|Any CPU.ActiveCfg = Release|Any CPU
		{5DF0F4F8-4A13-4886-91B5-D154D2357EFD}.Release|Any CPU.Build.0 = Release|Any CPU
	EndGlobalSection
	GlobalSection(SolutionProperties) = preSolution
		HideSolutionNode = FALSE
	EndGlobalSection
	GlobalSection(ExtensibilityGlobals) = postSolution
		SolutionGuid = {4CE1D793-3682-41E5-A6B8-E1EBB4761A4F}
	EndGlobalSection
EndGlobal
